// !$*UTF8*$!
{
	archiveVersion = 1;
	classes = {
	};
	objectVersion = 77;
	objects = {

/* Begin PBXBuildFile section */
		891FC6952DBC28FC00375CD8 /* Conversation.swift in Sources */ = {isa = PBXBuildFile; fileRef = 891FC6942DBC28FC00375CD8 /* Conversation.swift */; };
		891FC6962DBC28FC00375CD8 /* Conversation.swift in Sources */ = {isa = PBXBuildFile; fileRef = 891FC6942DBC28FC00375CD8 /* Conversation.swift */; };
		891FC6972DBC28FC00375CD8 /* Conversation.swift in Sources */ = {isa = PBXBuildFile; fileRef = 891FC6942DBC28FC00375CD8 /* Conversation.swift */; };
		891FC69B2DBC299E00375CD8 /* ContentView.swift in Sources */ = {isa = PBXBuildFile; fileRef = 891FC6992DBC299E00375CD8 /* ContentView.swift */; };
		891FC69C2DBC299E00375CD8 /* ContentView.swift in Sources */ = {isa = PBXBuildFile; fileRef = 891FC6992DBC299E00375CD8 /* ContentView.swift */; };
		891FC69E2DBC29AF00375CD8 /* ConversationsView.swift in Sources */ = {isa = PBXBuildFile; fileRef = 891FC69D2DBC29AF00375CD8 /* ConversationsView.swift */; };
		891FC69F2DBC29AF00375CD8 /* ConversationsView.swift in Sources */ = {isa = PBXBuildFile; fileRef = 891FC69D2DBC29AF00375CD8 /* ConversationsView.swift */; };
		891FC6A02DBC29AF00375CD8 /* ConversationsView.swift in Sources */ = {isa = PBXBuildFile; fileRef = 891FC69D2DBC29AF00375CD8 /* ConversationsView.swift */; };
		891FC6A22DBC29B700375CD8 /* SettingsView.swift in Sources */ = {isa = PBXBuildFile; fileRef = 891FC6A12DBC29B700375CD8 /* SettingsView.swift */; };
		891FC6A32DBC29B700375CD8 /* SettingsView.swift in Sources */ = {isa = PBXBuildFile; fileRef = 891FC6A12DBC29B700375CD8 /* SettingsView.swift */; };
		891FC6A42DBC29B700375CD8 /* SettingsView.swift in Sources */ = {isa = PBXBuildFile; fileRef = 891FC6A12DBC29B700375CD8 /* SettingsView.swift */; };
		891FC6AE2DBC2DC500375CD8 /* ConversationViewModel.swift in Sources */ = {isa = PBXBuildFile; fileRef = 891FC6A62DBC2A2C00375CD8 /* ConversationViewModel.swift */; };
		891FC6AF2DBC2DD100375CD8 /* SettingsViewModel.swift in Sources */ = {isa = PBXBuildFile; fileRef = 891FC6A72DBC2A3E00375CD8 /* SettingsViewModel.swift */; };
/* End PBXBuildFile section */

/* Begin PBXContainerItemProxy section */
		891FC6772DBC288800375CD8 /* PBXContainerItemProxy */ = {
			isa = PBXContainerItemProxy;
			containerPortal = 891FC65E2DBC288400375CD8 /* Project object */;
			proxyType = 1;
			remoteGlobalIDString = 891FC6652DBC288500375CD8;
			remoteInfo = EchoNote;
		};
		891FC6812DBC288800375CD8 /* PBXContainerItemProxy */ = {
			isa = PBXContainerItemProxy;
			containerPortal = 891FC65E2DBC288400375CD8 /* Project object */;
			proxyType = 1;
			remoteGlobalIDString = 891FC6652DBC288500375CD8;
			remoteInfo = EchoNote;
		};
/* End PBXContainerItemProxy section */

/* Begin PBXFileReference section */
		891FC6662DBC288500375CD8 /* EchoNote.app */ = {isa = PBXFileReference; explicitFileType = wrapper.application; includeInIndex = 0; path = EchoNote.app; sourceTree = BUILT_PRODUCTS_DIR; };
		891FC6762DBC288800375CD8 /* EchoNoteTests.xctest */ = {isa = PBXFileReference; explicitFileType = wrapper.cfbundle; includeInIndex = 0; path = EchoNoteTests.xctest; sourceTree = BUILT_PRODUCTS_DIR; };
		891FC6802DBC288800375CD8 /* EchoNoteUITests.xctest */ = {isa = PBXFileReference; explicitFileType = wrapper.cfbundle; includeInIndex = 0; path = EchoNoteUITests.xctest; sourceTree = BUILT_PRODUCTS_DIR; };
		891FC6942DBC28FC00375CD8 /* Conversation.swift */ = {isa = PBXFileReference; lastKnownFileType = sourcecode.swift; path = Conversation.swift; sourceTree = "<group>"; };
		891FC6992DBC299E00375CD8 /* ContentView.swift */ = {isa = PBXFileReference; lastKnownFileType = sourcecode.swift; path = ContentView.swift; sourceTree = "<group>"; };
		891FC69D2DBC29AF00375CD8 /* ConversationsView.swift */ = {isa = PBXFileReference; lastKnownFileType = sourcecode.swift; path = ConversationsView.swift; sourceTree = "<group>"; };
		891FC6A12DBC29B700375CD8 /* SettingsView.swift */ = {isa = PBXFileReference; lastKnownFileType = sourcecode.swift; path = SettingsView.swift; sourceTree = "<group>"; };
		891FC6A62DBC2A2C00375CD8 /* ConversationViewModel.swift */ = {isa = PBXFileReference; lastKnownFileType = sourcecode.swift; path = ConversationViewModel.swift; sourceTree = "<group>"; };
		891FC6A72DBC2A3E00375CD8 /* SettingsViewModel.swift */ = {isa = PBXFileReference; lastKnownFileType = sourcecode.swift; path = SettingsViewModel.swift; sourceTree = "<group>"; };
		891FC6AC2DBC2B8900375CD8 /* EchoNoteApp.swift */ = {isa = PBXFileReference; lastKnownFileType = sourcecode.swift; path = EchoNoteApp.swift; sourceTree = "<group>"; };
/* End PBXFileReference section */

/* Begin PBXFileSystemSynchronizedRootGroup section */
		891FC6682DBC288500375CD8 /* EchoNote */ = {
			isa = PBXFileSystemSynchronizedRootGroup;
			path = EchoNote;
			sourceTree = "<group>";
		};
		891FC6792DBC288800375CD8 /* EchoNoteTests */ = {
			isa = PBXFileSystemSynchronizedRootGroup;
			path = EchoNoteTests;
			sourceTree = "<group>";
		};
		891FC6832DBC288800375CD8 /* EchoNoteUITests */ = {
			isa = PBXFileSystemSynchronizedRootGroup;
			path = EchoNoteUITests;
			sourceTree = "<group>";
		};
/* End PBXFileSystemSynchronizedRootGroup section */

/* Begin PBXFrameworksBuildPhase section */
		891FC6632DBC288500375CD8 /* Frameworks */ = {
			isa = PBXFrameworksBuildPhase;
			buildActionMask = 2147483647;
			files = (
			);
			runOnlyForDeploymentPostprocessing = 0;
		};
		891FC6732DBC288800375CD8 /* Frameworks */ = {
			isa = PBXFrameworksBuildPhase;
			buildActionMask = 2147483647;
			files = (
			);
			runOnlyForDeploymentPostprocessing = 0;
		};
		891FC67D2DBC288800375CD8 /* Frameworks */ = {
			isa = PBXFrameworksBuildPhase;
			buildActionMask = 2147483647;
			files = (
			);
			runOnlyForDeploymentPostprocessing = 0;
		};
/* End PBXFrameworksBuildPhase section */

/* Begin PBXGroup section */
		891FC65D2DBC288400375CD8 = {
			isa = PBXGroup;
			children = (
				891FC6AC2DBC2B8900375CD8 /* EchoNoteApp.swift */,
				891FC6A52DBC29E000375CD8 /* ViewModels */,
				891FC6982DBC296200375CD8 /* Views */,
				891FC6932DBC28CF00375CD8 /* Models */,
				891FC6682DBC288500375CD8 /* EchoNote */,
				891FC6792DBC288800375CD8 /* EchoNoteTests */,
				891FC6832DBC288800375CD8 /* EchoNoteUITests */,
				891FC6672DBC288500375CD8 /* Products */,
			);
			sourceTree = "<group>";
		};
		891FC6672DBC288500375CD8 /* Products */ = {
			isa = PBXGroup;
			children = (
				891FC6662DBC288500375CD8 /* EchoNote.app */,
				891FC6762DBC288800375CD8 /* EchoNoteTests.xctest */,
				891FC6802DBC288800375CD8 /* EchoNoteUITests.xctest */,
			);
			name = Products;
			sourceTree = "<group>";
		};
		891FC6932DBC28CF00375CD8 /* Models */ = {
			isa = PBXGroup;
			children = (
				891FC6942DBC28FC00375CD8 /* Conversation.swift */,
			);
			path = Models;
			sourceTree = "<group>";
		};
		891FC6982DBC296200375CD8 /* Views */ = {
			isa = PBXGroup;
			children = (
				891FC6992DBC299E00375CD8 /* ContentView.swift */,
				891FC69D2DBC29AF00375CD8 /* ConversationsView.swift */,
				891FC6A12DBC29B700375CD8 /* SettingsView.swift */,
			);
			path = Views;
			sourceTree = "<group>";
		};
		891FC6A52DBC29E000375CD8 /* ViewModels */ = {
			isa = PBXGroup;
			children = (
				891FC6A72DBC2A3E00375CD8 /* SettingsViewModel.swift */,
				891FC6A62DBC2A2C00375CD8 /* ConversationViewModel.swift */,
			);
			path = ViewModels;
			sourceTree = "<group>";
		};
/* End PBXGroup section */

/* Begin PBXNativeTarget section */
		891FC6652DBC288500375CD8 /* EchoNote */ = {
			isa = PBXNativeTarget;
			buildConfigurationList = 891FC68A2DBC288800375CD8 /* Build configuration list for PBXNativeTarget "EchoNote" */;
			buildPhases = (
				891FC6622DBC288500375CD8 /* Sources */,
				891FC6632DBC288500375CD8 /* Frameworks */,
				891FC6642DBC288500375CD8 /* Resources */,
			);
			buildRules = (
			);
			dependencies = (
			);
			fileSystemSynchronizedGroups = (
				891FC6682DBC288500375CD8 /* EchoNote */,
			);
			name = EchoNote;
			packageProductDependencies = (
			);
			productName = EchoNote;
			productReference = 891FC6662DBC288500375CD8 /* EchoNote.app */;
			productType = "com.apple.product-type.application";
		};
		891FC6752DBC288800375CD8 /* EchoNoteTests */ = {
			isa = PBXNativeTarget;
			buildConfigurationList = 891FC68D2DBC288800375CD8 /* Build configuration list for PBXNativeTarget "EchoNoteTests" */;
			buildPhases = (
				891FC6722DBC288800375CD8 /* Sources */,
				891FC6732DBC288800375CD8 /* Frameworks */,
				891FC6742DBC288800375CD8 /* Resources */,
			);
			buildRules = (
			);
			dependencies = (
				891FC6782DBC288800375CD8 /* PBXTargetDependency */,
			);
			fileSystemSynchronizedGroups = (
				891FC6792DBC288800375CD8 /* EchoNoteTests */,
			);
			name = EchoNoteTests;
			packageProductDependencies = (
			);
			productName = EchoNoteTests;
			productReference = 891FC6762DBC288800375CD8 /* EchoNoteTests.xctest */;
			productType = "com.apple.product-type.bundle.unit-test";
		};
		891FC67F2DBC288800375CD8 /* EchoNoteUITests */ = {
			isa = PBXNativeTarget;
			buildConfigurationList = 891FC6902DBC288800375CD8 /* Build configuration list for PBXNativeTarget "EchoNoteUITests" */;
			buildPhases = (
				891FC67C2DBC288800375CD8 /* Sources */,
				891FC67D2DBC288800375CD8 /* Frameworks */,
				891FC67E2DBC288800375CD8 /* Resources */,
			);
			buildRules = (
			);
			dependencies = (
				891FC6822DBC288800375CD8 /* PBXTargetDependency */,
			);
			fileSystemSynchronizedGroups = (
				891FC6832DBC288800375CD8 /* EchoNoteUITests */,
			);
			name = EchoNoteUITests;
			packageProductDependencies = (
			);
			productName = EchoNoteUITests;
			productReference = 891FC6802DBC288800375CD8 /* EchoNoteUITests.xctest */;
			productType = "com.apple.product-type.bundle.ui-testing";
		};
/* End PBXNativeTarget section */

/* Begin PBXProject section */
		891FC65E2DBC288400375CD8 /* Project object */ = {
			isa = PBXProject;
			attributes = {
				BuildIndependentTargetsInParallel = 1;
				LastSwiftUpdateCheck = 1620;
				LastUpgradeCheck = 1620;
				TargetAttributes = {
					891FC6652DBC288500375CD8 = {
						CreatedOnToolsVersion = 16.2;
					};
					891FC6752DBC288800375CD8 = {
						CreatedOnToolsVersion = 16.2;
						TestTargetID = 891FC6652DBC288500375CD8;
					};
					891FC67F2DBC288800375CD8 = {
						CreatedOnToolsVersion = 16.2;
						TestTargetID = 891FC6652DBC288500375CD8;
					};
				};
			};
			buildConfigurationList = 891FC6612DBC288500375CD8 /* Build configuration list for PBXProject "EchoNote" */;
			developmentRegion = en;
			hasScannedForEncodings = 0;
			knownRegions = (
				en,
				Base,
			);
			mainGroup = 891FC65D2DBC288400375CD8;
			minimizedProjectReferenceProxies = 1;
			preferredProjectObjectVersion = 77;
			productRefGroup = 891FC6672DBC288500375CD8 /* Products */;
			projectDirPath = "";
			projectRoot = "";
			targets = (
				891FC6652DBC288500375CD8 /* EchoNote */,
				891FC6752DBC288800375CD8 /* EchoNoteTests */,
				891FC67F2DBC288800375CD8 /* EchoNoteUITests */,
			);
		};
/* End PBXProject section */

/* Begin PBXResourcesBuildPhase section */
		891FC6642DBC288500375CD8 /* Resources */ = {
			isa = PBXResourcesBuildPhase;
			buildActionMask = 2147483647;
			files = (
			);
			runOnlyForDeploymentPostprocessing = 0;
		};
		891FC6742DBC288800375CD8 /* Resources */ = {
			isa = PBXResourcesBuildPhase;
			buildActionMask = 2147483647;
			files = (
			);
			runOnlyForDeploymentPostprocessing = 0;
		};
		891FC67E2DBC288800375CD8 /* Resources */ = {
			isa = PBXResourcesBuildPhase;
			buildActionMask = 2147483647;
			files = (
			);
			runOnlyForDeploymentPostprocessing = 0;
		};
/* End PBXResourcesBuildPhase section */

/* Begin PBXSourcesBuildPhase section */
		891FC6622DBC288500375CD8 /* Sources */ = {
			isa = PBXSourcesBuildPhase;
			buildActionMask = 2147483647;
			files = (
				891FC6972DBC28FC00375CD8 /* Conversation.swift in Sources */,
				891FC6AE2DBC2DC500375CD8 /* ConversationViewModel.swift in Sources */,
				891FC6A22DBC29B700375CD8 /* SettingsView.swift in Sources */,
				891FC6A02DBC29AF00375CD8 /* ConversationsView.swift in Sources */,
				891FC6AF2DBC2DD100375CD8 /* SettingsViewModel.swift in Sources */,
			);
			runOnlyForDeploymentPostprocessing = 0;
		};
		891FC6722DBC288800375CD8 /* Sources */ = {
			isa = PBXSourcesBuildPhase;
			buildActionMask = 2147483647;
			files = (
				891FC6A32DBC29B700375CD8 /* SettingsView.swift in Sources */,
				891FC6962DBC28FC00375CD8 /* Conversation.swift in Sources */,
				891FC69C2DBC299E00375CD8 /* ContentView.swift in Sources */,
				891FC69F2DBC29AF00375CD8 /* ConversationsView.swift in Sources */,
			);
			runOnlyForDeploymentPostprocessing = 0;
		};
		891FC67C2DBC288800375CD8 /* Sources */ = {
			isa = PBXSourcesBuildPhase;
			buildActionMask = 2147483647;
			files = (
				891FC6952DBC28FC00375CD8 /* Conversation.swift in Sources */,
				891FC69B2DBC299E00375CD8 /* ContentView.swift in Sources */,
				891FC6A42DBC29B700375CD8 /* SettingsView.swift in Sources */,
				891FC69E2DBC29AF00375CD8 /* ConversationsView.swift in Sources */,
			);
			runOnlyForDeploymentPostprocessing = 0;
		};
/* End PBXSourcesBuildPhase section */

/* Begin PBXTargetDependency section */
		891FC6782DBC288800375CD8 /* PBXTargetDependency */ = {
			isa = PBXTargetDependency;
			target = 891FC6652DBC288500375CD8 /* EchoNote */;
			targetProxy = 891FC6772DBC288800375CD8 /* PBXContainerItemProxy */;
		};
		891FC6822DBC288800375CD8 /* PBXTargetDependency */ = {
			isa = PBXTargetDependency;
			target = 891FC6652DBC288500375CD8 /* EchoNote */;
			targetProxy = 891FC6812DBC288800375CD8 /* PBXContainerItemProxy */;
		};
/* End PBXTargetDependency section */

/* Begin XCBuildConfiguration section */
		891FC6882DBC288800375CD8 /* Debug */ = {
			isa = XCBuildConfiguration;
			buildSettings = {
				ALWAYS_SEARCH_USER_PATHS = NO;
				ASSETCATALOG_COMPILER_GENERATE_SWIFT_ASSET_SYMBOL_EXTENSIONS = YES;
				CLANG_ANALYZER_NONNULL = YES;
				CLANG_ANALYZER_NUMBER_OBJECT_CONVERSION = YES_AGGRESSIVE;
				CLANG_CXX_LANGUAGE_STANDARD = "gnu++20";
				CLANG_ENABLE_MODULES = YES;
				CLANG_ENABLE_OBJC_ARC = YES;
				CLANG_ENABLE_OBJC_WEAK = YES;
				CLANG_WARN_BLOCK_CAPTURE_AUTORELEASING = YES;
				CLANG_WARN_BOOL_CONVERSION = YES;
				CLANG_WARN_COMMA = YES;
				CLANG_WARN_CONSTANT_CONVERSION = YES;
				CLANG_WARN_DEPRECATED_OBJC_IMPLEMENTATIONS = YES;
				CLANG_WARN_DIRECT_OBJC_ISA_USAGE = YES_ERROR;
				CLANG_WARN_DOCUMENTATION_COMMENTS = YES;
				CLANG_WARN_EMPTY_BODY = YES;
				CLANG_WARN_ENUM_CONVERSION = YES;
				CLANG_WARN_INFINITE_RECURSION = YES;
				CLANG_WARN_INT_CONVERSION = YES;
				CLANG_WARN_NON_LITERAL_NULL_CONVERSION = YES;
				CLANG_WARN_OBJC_IMPLICIT_RETAIN_SELF = YES;
				CLANG_WARN_OBJC_LITERAL_CONVERSION = YES;
				CLANG_WARN_OBJC_ROOT_CLASS = YES_ERROR;
				CLANG_WARN_QUOTED_INCLUDE_IN_FRAMEWORK_HEADER = YES;
				CLANG_WARN_RANGE_LOOP_ANALYSIS = YES;
				CLANG_WARN_STRICT_PROTOTYPES = YES;
				CLANG_WARN_SUSPICIOUS_MOVE = YES;
				CLANG_WARN_UNGUARDED_AVAILABILITY = YES_AGGRESSIVE;
				CLANG_WARN_UNREACHABLE_CODE = YES;
				CLANG_WARN__DUPLICATE_METHOD_MATCH = YES;
				COPY_PHASE_STRIP = NO;
				DEBUG_INFORMATION_FORMAT = dwarf;
				ENABLE_STRICT_OBJC_MSGSEND = YES;
				ENABLE_TESTABILITY = YES;
				ENABLE_USER_SCRIPT_SANDBOXING = YES;
				GCC_C_LANGUAGE_STANDARD = gnu17;
				GCC_DYNAMIC_NO_PIC = NO;
				GCC_NO_COMMON_BLOCKS = YES;
				GCC_OPTIMIZATION_LEVEL = 0;
				GCC_PREPROCESSOR_DEFINITIONS = (
					"DEBUG=1",
					"$(inherited)",
				);
				GCC_WARN_64_TO_32_BIT_CONVERSION = YES;
				GCC_WARN_ABOUT_RETURN_TYPE = YES_ERROR;
				GCC_WARN_UNDECLARED_SELECTOR = YES;
				GCC_WARN_UNINITIALIZED_AUTOS = YES_AGGRESSIVE;
				GCC_WARN_UNUSED_FUNCTION = YES;
				GCC_WARN_UNUSED_VARIABLE = YES;
				IPHONEOS_DEPLOYMENT_TARGET = 18.2;
				LOCALIZATION_PREFERS_STRING_CATALOGS = YES;
				MTL_ENABLE_DEBUG_INFO = INCLUDE_SOURCE;
				MTL_FAST_MATH = YES;
				ONLY_ACTIVE_ARCH = YES;
				SDKROOT = iphoneos;
				SWIFT_ACTIVE_COMPILATION_CONDITIONS = "DEBUG $(inherited)";
				SWIFT_OPTIMIZATION_LEVEL = "-Onone";
			};
			name = Debug;
		};
		891FC6892DBC288800375CD8 /* Release */ = {
			isa = XCBuildConfiguration;
			buildSettings = {
				ALWAYS_SEARCH_USER_PATHS = NO;
				ASSETCATALOG_COMPILER_GENERATE_SWIFT_ASSET_SYMBOL_EXTENSIONS = YES;
				CLANG_ANALYZER_NONNULL = YES;
				CLANG_ANALYZER_NUMBER_OBJECT_CONVERSION = YES_AGGRESSIVE;
				CLANG_CXX_LANGUAGE_STANDARD = "gnu++20";
				CLANG_ENABLE_MODULES = YES;
				CLANG_ENABLE_OBJC_ARC = YES;
				CLANG_ENABLE_OBJC_WEAK = YES;
				CLANG_WARN_BLOCK_CAPTURE_AUTORELEASING = YES;
				CLANG_WARN_BOOL_CONVERSION = YES;
				CLANG_WARN_COMMA = YES;
				CLANG_WARN_CONSTANT_CONVERSION = YES;
				CLANG_WARN_DEPRECATED_OBJC_IMPLEMENTATIONS = YES;
				CLANG_WARN_DIRECT_OBJC_ISA_USAGE = YES_ERROR;
				CLANG_WARN_DOCUMENTATION_COMMENTS = YES;
				CLANG_WARN_EMPTY_BODY = YES;
				CLANG_WARN_ENUM_CONVERSION = YES;
				CLANG_WARN_INFINITE_RECURSION = YES;
				CLANG_WARN_INT_CONVERSION = YES;
				CLANG_WARN_NON_LITERAL_NULL_CONVERSION = YES;
				CLANG_WARN_OBJC_IMPLICIT_RETAIN_SELF = YES;
				CLANG_WARN_OBJC_LITERAL_CONVERSION = YES;
				CLANG_WARN_OBJC_ROOT_CLASS = YES_ERROR;
				CLANG_WARN_QUOTED_INCLUDE_IN_FRAMEWORK_HEADER = YES;
				CLANG_WARN_RANGE_LOOP_ANALYSIS = YES;
				CLANG_WARN_STRICT_PROTOTYPES = YES;
				CLANG_WARN_SUSPICIOUS_MOVE = YES;
				CLANG_WARN_UNGUARDED_AVAILABILITY = YES_AGGRESSIVE;
				CLANG_WARN_UNREACHABLE_CODE = YES;
				CLANG_WARN__DUPLICATE_METHOD_MATCH = YES;
				COPY_PHASE_STRIP = NO;
				DEBUG_INFORMATION_FORMAT = "dwarf-with-dsym";
				ENABLE_NS_ASSERTIONS = NO;
				ENABLE_STRICT_OBJC_MSGSEND = YES;
				ENABLE_USER_SCRIPT_SANDBOXING = YES;
				GCC_C_LANGUAGE_STANDARD = gnu17;
				GCC_NO_COMMON_BLOCKS = YES;
				GCC_WARN_64_TO_32_BIT_CONVERSION = YES;
				GCC_WARN_ABOUT_RETURN_TYPE = YES_ERROR;
				GCC_WARN_UNDECLARED_SELECTOR = YES;
				GCC_WARN_UNINITIALIZED_AUTOS = YES_AGGRESSIVE;
				GCC_WARN_UNUSED_FUNCTION = YES;
				GCC_WARN_UNUSED_VARIABLE = YES;
				IPHONEOS_DEPLOYMENT_TARGET = 18.2;
				LOCALIZATION_PREFERS_STRING_CATALOGS = YES;
				MTL_ENABLE_DEBUG_INFO = NO;
				MTL_FAST_MATH = YES;
				SDKROOT = iphoneos;
				SWIFT_COMPILATION_MODE = wholemodule;
				VALIDATE_PRODUCT = YES;
			};
			name = Release;
		};
		891FC68B2DBC288800375CD8 /* Debug */ = {
			isa = XCBuildConfiguration;
			buildSettings = {
				ASSETCATALOG_COMPILER_APPICON_NAME = AppIcon;
				ASSETCATALOG_COMPILER_GLOBAL_ACCENT_COLOR_NAME = AccentColor;
				CODE_SIGN_STYLE = Automatic;
				CURRENT_PROJECT_VERSION = 1;
				DEVELOPMENT_ASSET_PATHS = "\"EchoNote/Preview Content\"";
				DEVELOPMENT_TEAM = AT39J729UP;
				ENABLE_PREVIEWS = YES;
				GENERATE_INFOPLIST_FILE = YES;
				INFOPLIST_KEY_UIApplicationSceneManifest_Generation = YES;
				INFOPLIST_KEY_UIApplicationSupportsIndirectInputEvents = YES;
				INFOPLIST_KEY_UILaunchScreen_Generation = YES;
				INFOPLIST_KEY_UISupportedInterfaceOrientations_iPad = "UIInterfaceOrientationPortrait UIInterfaceOrientationPortraitUpsideDown UIInterfaceOrientationLandscapeLeft UIInterfaceOrientationLandscapeRight";
				INFOPLIST_KEY_UISupportedInterfaceOrientations_iPhone = "UIInterfaceOrientationPortrait UIInterfaceOrientationLandscapeLeft UIInterfaceOrientationLandscapeRight";
				LD_RUNPATH_SEARCH_PATHS = (
					"$(inherited)",
					"@executable_path/Frameworks",
				);
				MARKETING_VERSION = 1.0;
				PRODUCT_BUNDLE_IDENTIFIER = com.rohanpandey.EchoNote;
				PRODUCT_NAME = "$(TARGET_NAME)";
				SWIFT_EMIT_LOC_STRINGS = YES;
				SWIFT_VERSION = 5.0;
				TARGETED_DEVICE_FAMILY = "1,2";
			};
			name = Debug;
		};
		891FC68C2DBC288800375CD8 /* Release */ = {
			isa = XCBuildConfiguration;
			buildSettings = {
				ASSETCATALOG_COMPILER_APPICON_NAME = AppIcon;
				ASSETCATALOG_COMPILER_GLOBAL_ACCENT_COLOR_NAME = AccentColor;
				CODE_SIGN_STYLE = Automatic;
				CURRENT_PROJECT_VERSION = 1;
				DEVELOPMENT_ASSET_PATHS = "\"EchoNote/Preview Content\"";
				DEVELOPMENT_TEAM = AT39J729UP;
				ENABLE_PREVIEWS = YES;
				GENERATE_INFOPLIST_FILE = YES;
				INFOPLIST_KEY_UIApplicationSceneManifest_Generation = YES;
				INFOPLIST_KEY_UIApplicationSupportsIndirectInputEvents = YES;
				INFOPLIST_KEY_UILaunchScreen_Generation = YES;
				INFOPLIST_KEY_UISupportedInterfaceOrientations_iPad = "UIInterfaceOrientationPortrait UIInterfaceOrientationPortraitUpsideDown UIInterfaceOrientationLandscapeLeft UIInterfaceOrientationLandscapeRight";
				INFOPLIST_KEY_UISupportedInterfaceOrientations_iPhone = "UIInterfaceOrientationPortrait UIInterfaceOrientationLandscapeLeft UIInterfaceOrientationLandscapeRight";
				LD_RUNPATH_SEARCH_PATHS = (
					"$(inherited)",
					"@executable_path/Frameworks",
				);
				MARKETING_VERSION = 1.0;
				PRODUCT_BUNDLE_IDENTIFIER = com.rohanpandey.EchoNote;
				PRODUCT_NAME = "$(TARGET_NAME)";
				SWIFT_EMIT_LOC_STRINGS = YES;
				SWIFT_VERSION = 5.0;
				TARGETED_DEVICE_FAMILY = "1,2";
			};
			name = Release;
		};
		891FC68E2DBC288800375CD8 /* Debug */ = {
			isa = XCBuildConfiguration;
			buildSettings = {
				BUNDLE_LOADER = "$(TEST_HOST)";
				CODE_SIGN_STYLE = Automatic;
				CURRENT_PROJECT_VERSION = 1;
				DEVELOPMENT_TEAM = AT39J729UP;
				GENERATE_INFOPLIST_FILE = YES;
				IPHONEOS_DEPLOYMENT_TARGET = 18.2;
				MARKETING_VERSION = 1.0;
				PRODUCT_BUNDLE_IDENTIFIER = com.rohanpandey.EchoNoteTests;
				PRODUCT_NAME = "$(TARGET_NAME)";
				SWIFT_EMIT_LOC_STRINGS = NO;
				SWIFT_VERSION = 5.0;
				TARGETED_DEVICE_FAMILY = "1,2";
				TEST_HOST = "$(BUILT_PRODUCTS_DIR)/EchoNote.app/$(BUNDLE_EXECUTABLE_FOLDER_PATH)/EchoNote";
			};
			name = Debug;
		};
		891FC68F2DBC288800375CD8 /* Release */ = {
			isa = XCBuildConfiguration;
			buildSettings = {
				BUNDLE_LOADER = "$(TEST_HOST)";
				CODE_SIGN_STYLE = Automatic;
				CURRENT_PROJECT_VERSION = 1;
				DEVELOPMENT_TEAM = AT39J729UP;
				GENERATE_INFOPLIST_FILE = YES;
				IPHONEOS_DEPLOYMENT_TARGET = 18.2;
				MARKETING_VERSION = 1.0;
				PRODUCT_BUNDLE_IDENTIFIER = com.rohanpandey.EchoNoteTests;
				PRODUCT_NAME = "$(TARGET_NAME)";
				SWIFT_EMIT_LOC_STRINGS = NO;
				SWIFT_VERSION = 5.0;
				TARGETED_DEVICE_FAMILY = "1,2";
				TEST_HOST = "$(BUILT_PRODUCTS_DIR)/EchoNote.app/$(BUNDLE_EXECUTABLE_FOLDER_PATH)/EchoNote";
			};
			name = Release;
		};
		891FC6912DBC288800375CD8 /* Debug */ = {
			isa = XCBuildConfiguration;
			buildSettings = {
				CODE_SIGN_STYLE = Automatic;
				CURRENT_PROJECT_VERSION = 1;
				DEVELOPMENT_TEAM = AT39J729UP;
				GENERATE_INFOPLIST_FILE = YES;
				MARKETING_VERSION = 1.0;
				PRODUCT_BUNDLE_IDENTIFIER = com.rohanpandey.EchoNoteUITests;
				PRODUCT_NAME = "$(TARGET_NAME)";
				SWIFT_EMIT_LOC_STRINGS = NO;
				SWIFT_VERSION = 5.0;
				TARGETED_DEVICE_FAMILY = "1,2";
				TEST_TARGET_NAME = EchoNote;
			};
			name = Debug;
		};
		891FC6922DBC288800375CD8 /* Release */ = {
			isa = XCBuildConfiguration;
			buildSettings = {
				CODE_SIGN_STYLE = Automatic;
				CURRENT_PROJECT_VERSION = 1;
				DEVELOPMENT_TEAM = AT39J729UP;
				GENERATE_INFOPLIST_FILE = YES;
				MARKETING_VERSION = 1.0;
				PRODUCT_BUNDLE_IDENTIFIER = com.rohanpandey.EchoNoteUITests;
				PRODUCT_NAME = "$(TARGET_NAME)";
				SWIFT_EMIT_LOC_STRINGS = NO;
				SWIFT_VERSION = 5.0;
				TARGETED_DEVICE_FAMILY = "1,2";
				TEST_TARGET_NAME = EchoNote;
			};
			name = Release;
		};
/* End XCBuildConfiguration section */

/* Begin XCConfigurationList section */
		891FC6612DBC288500375CD8 /* Build configuration list for PBXProject "EchoNote" */ = {
			isa = XCConfigurationList;
			buildConfigurations = (
				891FC6882DBC288800375CD8 /* Debug */,
				891FC6892DBC288800375CD8 /* Release */,
			);
			defaultConfigurationIsVisible = 0;
			defaultConfigurationName = Release;
		};
		891FC68A2DBC288800375CD8 /* Build configuration list for PBXNativeTarget "EchoNote" */ = {
			isa = XCConfigurationList;
			buildConfigurations = (
				891FC68B2DBC288800375CD8 /* Debug */,
				891FC68C2DBC288800375CD8 /* Release */,
			);
			defaultConfigurationIsVisible = 0;
			defaultConfigurationName = Release;
		};
		891FC68D2DBC288800375CD8 /* Build configuration list for PBXNativeTarget "EchoNoteTests" */ = {
			isa = XCConfigurationList;
			buildConfigurations = (
				891FC68E2DBC288800375CD8 /* Debug */,
				891FC68F2DBC288800375CD8 /* Release */,
			);
			defaultConfigurationIsVisible = 0;
			defaultConfigurationName = Release;
		};
		891FC6902DBC288800375CD8 /* Build configuration list for PBXNativeTarget "EchoNoteUITests" */ = {
			isa = XCConfigurationList;
			buildConfigurations = (
				891FC6912DBC288800375CD8 /* Debug */,
				891FC6922DBC288800375CD8 /* Release */,
			);
			defaultConfigurationIsVisible = 0;
			defaultConfigurationName = Release;
		};
/* End XCConfigurationList section */
	};
	rootObject = 891FC65E2DBC288400375CD8 /* Project object */;
}
